
Microsoft Visual Studio Solution File, Format Version 12.00
# Visual Studio Version 17
VisualStudioVersion = 17.2.32630.192
MinimumVisualStudioVersion = 10.0.40219.1
Project("{FAE04EC0-301F-11D3-BF4B-00C04F79EFBC}") = "demoForWinForm20", "demoForWinForm20\demoForWinForm20.csproj", "{F1DD9F96-5812-4465-A6CD-AC559CC11786}"
EndProject
Project("{FAE04EC0-301F-11D3-BF4B-00C04F79EFBC}") = "demoForFormClass20", "demoForFormClass20\demoForFormClass20.csproj", "{C9CC0C77-2368-4D85-99CC-843B15DB6430}"
EndProject
Project("{D954291E-2A0B-460D-934E-DC6B0785DB48}") = "demoForShareClass20", "demoForShareClass20\demoForShareClass20.shproj", "{A7CAC9F8-92F1-4C6F-9A81-FFC54F47F10B}"
EndProject
Global
	GlobalSection(SolutionConfigurationPlatforms) = preSolution
		Debug|Any CPU = Debug|Any CPU
		Release|Any CPU = Release|Any CPU
	EndGlobalSection
	GlobalSection(ProjectConfigurationPlatforms) = postSolution
		{F1DD9F96-5812-4465-A6CD-AC559CC11786}.Debug|Any CPU.ActiveCfg = Debug|Any CPU
		{F1DD9F96-5812-4465-A6CD-AC559CC11786}.Debug|Any CPU.Build.0 = Debug|Any CPU
		{F1DD9F96-5812-4465-A6CD-AC559CC11786}.Release|Any CPU.ActiveCfg = Release|Any CPU
		{F1DD9F96-5812-4465-A6CD-AC559CC11786}.Release|Any CPU.Build.0 = Release|Any CPU
		{C9CC0C77-2368-4D85-99CC-843B15DB6430}.Debug|Any CPU.ActiveCfg = Debug|Any CPU
		{C9CC0C77-2368-4D85-99CC-843B15DB6430}.Debug|Any CPU.Build.0 = Debug|Any CPU
		{C9CC0C77-2368-4D85-99CC-843B15DB6430}.Release|Any CPU.ActiveCfg = Release|Any CPU
		{C9CC0C77-2368-4D85-99CC-843B15DB6430}.Release|Any CPU.Build.0 = Release|Any CPU
	EndGlobalSection
	GlobalSection(SolutionProperties) = preSolution
		HideSolutionNode = FALSE
	EndGlobalSection
	GlobalSection(ExtensibilityGlobals) = postSolution
		SolutionGuid = {3E4532E3-7AE2-4EF6-BB9A-89FA5897B2F1}
	EndGlobalSection
	GlobalSection(SharedMSBuildProjectFiles) = preSolution
		demoForShareClass20\demoForShareClass20.projitems*{a7cac9f8-92f1-4c6f-9a81-ffc54f47f10b}*SharedItemsImports = 13
	EndGlobalSection
EndGlobal
